
Microsoft Visual Studio Solution File, Format Version 12.00
# Visual Studio 15
VisualStudioVersion = 15.0.28010.2048
MinimumVisualStudioVersion = 10.0.40219.1
Project("{FAE04EC0-301F-11D3-BF4B-00C04F79EFBC}") = "WPFApp", "WPFApp\WPFApp.csproj", "{F53EEF22-E686-4739-BE56-5B4FDD61199C}"
EndProject
Project("{FAE04EC0-301F-11D3-BF4B-00C04F79EFBC}") = "DemoLibrary", "DemoLibrary\DemoLibrary.csproj", "{C7D3F730-5F59-4CEB-8723-666EF39FAF4D}"
EndProject
Global
	GlobalSection(SolutionConfigurationPlatforms) = preSolution
		Debug|Any CPU = Debug|Any CPU
		Release|Any CPU = Release|Any CPU
	EndGlobalSection
	GlobalSection(ProjectConfigurationPlatforms) = postSolution
		{F53EEF22-E686-4739-BE56-5B4FDD61199C}.Debug|Any CPU.ActiveCfg = Debug|Any CPU
		{F53EEF22-E686-4739-BE56-5B4FDD61199C}.Debug|Any CPU.Build.0 = Debug|Any CPU
		{F53EEF22-E686-4739-BE56-5B4FDD61199C}.Release|Any CPU.ActiveCfg = Release|Any CPU
		{F53EEF22-E686-4739-BE56-5B4FDD61199C}.Release|Any CPU.Build.0 = Release|Any CPU
		{C7D3F730-5F59-4CEB-8723-666EF39FAF4D}.Debug|Any CPU.ActiveCfg = Debug|Any CPU
		{C7D3F730-5F59-4CEB-8723-666EF39FAF4D}.Debug|Any CPU.Build.0 = Debug|Any CPU
		{C7D3F730-5F59-4CEB-8723-666EF39FAF4D}.Release|Any CPU.ActiveCfg = Release|Any CPU
		{C7D3F730-5F59-4CEB-8723-666EF39FAF4D}.Release|Any CPU.Build.0 = Release|Any CPU
	EndGlobalSection
	GlobalSection(SolutionProperties) = preSolution
		HideSolutionNode = FALSE
	EndGlobalSection
	GlobalSection(ExtensibilityGlobals) = postSolution
		SolutionGuid = {3D89F9D7-AFD6-49C1-BD1F-A675D97E578C}
	EndGlobalSection
EndGlobal
